version = 1
revision = 3
requires-python = ">=3.12"

[[package]]
name = "iscc-skills"
version = "0.1.0"
source = { virtual = "." }

[package.dev-dependencies]
dev = [
    { name = "prek" },
]

[package.metadata]

[package.metadata.requires-dev]
dev = [{ name = "prek", specifier = ">=0.2.22" }]

[[package]]
name = "prek"
version = "0.2.22"
source = { registry = "https://pypi.org/simple" }
sdist = { url = "https://files.pythonhosted.org/packages/83/a7/1e07536315f77d7b233cbf3dd916dc3424239c435ee0a0110c9b2cbcf6b0/prek-0.2.22.tar.gz", hash = "sha256:5abbda8bae0a63a18d3fe573162e8504a7b100e3603169cc2d06053891a02d7c", size = 267212, upload-time = "2025-12-13T12:57:51.797Z" }
wheels = [
    { url = "https://files.pythonhosted.org/packages/ac/fe/ba9a940adc55d78b96b58376a8752e95261402c1e5812acce6ea1a000fb8/prek-0.2.22-py3-none-linux_armv6l.whl", hash = "sha256:d026b2d75529a743466000e8dd058d3d5e7c597c34905b333f2ede3d24cb23f1", size = 4798026, upload-time = "2025-12-13T12:57:45.286Z" },
    { url = "https://files.pythonhosted.org/packages/12/40/459cf510491271b08d19b4ef34f8293440eb472e633f4ffaf34179f39a12/prek-0.2.22-py3-none-macosx_10_12_x86_64.whl", hash = "sha256:60b5bec94fa9f59fe5a9e90554c7346ceef81ea33d01bb18172d2576b07ac449", size = 4894023, upload-time = "2025-12-13T12:57:40.102Z" },
    { url = "https://files.pythonhosted.org/packages/3c/0b/59e0438b1e7d1b6fa3f14174a916d369e27c421f8876f7ec7c7a52fbfae7/prek-0.2.22-py3-none-macosx_11_0_arm64.whl", hash = "sha256:a0c7c6ceee536122916d32d26b6fa4fac9e95ba28631901164ffc0b0fed28a9e", size = 4615858, upload-time = "2025-12-13T12:57:57.471Z" },
    { url = "https://files.pythonhosted.org/packages/e9/27/ea40cf715717298fdf802da2b15a2c4445b8c114aae28cab6bf794d65670/prek-0.2.22-py3-none-manylinux_2_17_aarch64.manylinux2014_aarch64.musllinux_1_1_aarch64.whl", hash = "sha256:c90273bef7b638dfc36dede62c494f958456330375ffce891c68321b2a7b46ba", size = 4810206, upload-time = "2025-12-13T12:57:46.534Z" },
    { url = "https://files.pythonhosted.org/packages/b5/12/d1c3db35839492236afb8642a2818d5b413e5fce4ea909bc7ddfb3d4591a/prek-0.2.22-py3-none-manylinux_2_17_armv7l.manylinux2014_armv7l.whl", hash = "sha256:1d8ecf202073433b87df2671a98bc44d3b68bb5711f7119b50b7bd65c2a67f13", size = 4722439, upload-time = "2025-12-13T12:57:48.106Z" },
    { url = "https://files.pythonhosted.org/packages/64/a0/0f24a9cacd5d78119f47063d860e03fa42b4d7dcf6803a49b0bef51b771b/prek-0.2.22-py3-none-manylinux_2_17_i686.manylinux2014_i686.whl", hash = "sha256:d4f26d76247ce7671cf5d9786e7fc86fdb43c065fd5507e8d64b3de7fd5e4447", size = 5037705, upload-time = "2025-12-13T12:57:50.596Z" },
    { url = "https://files.pythonhosted.org/packages/ca/6e/7616f84141755f1d9fe232f0bd06589421ae0dabd99180fdae2840d22ae8/prek-0.2.22-py3-none-manylinux_2_17_ppc64.manylinux2014_ppc64.whl", hash = "sha256:ac1f0ea2c82e35eb0ffc98dfbcd9ee34cfd7350b64f97198da4c311a271cdb8f", size = 5453199, upload-time = "2025-12-13T12:57:38.458Z" },
    { url = "https://files.pythonhosted.org/packages/51/80/542a583db9b27bfd34954243666e451b266513bc742e0491cd61ff1b390e/prek-0.2.22-py3-none-manylinux_2_17_ppc64le.manylinux2014_ppc64le.whl", hash = "sha256:8f5d5131b9e57548f64d74665fd4414a8deb603a67d52ee18b3e6540cdb77733", size = 5399635, upload-time = "2025-12-13T12:57:43.359Z" },
    { url = "https://files.pythonhosted.org/packages/49/06/ca4e6fee73e14e1aced90f5c83b9cdf9a8e1c3b1aa1e4f45a2a65de05a28/prek-0.2.22-py3-none-manylinux_2_17_s390x.manylinux2014_s390x.whl", hash = "sha256:a768484e1c94a33228765f63701261316b64e11c482abe2a35c54045d3f81feb", size = 5498340, upload-time = "2025-12-13T12:57:41.827Z" },
    { url = "https://files.pythonhosted.org/packages/85/a8/9636fc782db9c22d1740a8e5dc4e1ffc3a28099d074f812da46332e7c7a7/prek-0.2.22-py3-none-manylinux_2_17_x86_64.manylinux2014_x86_64.whl", hash = "sha256:2c941c8503ea537a84ea97074dc97b0f0dfd9861864883eb8b90586ed321847e", size = 5078431, upload-time = "2025-12-13T12:57:31.664Z" },
    { url = "https://files.pythonhosted.org/packages/4f/29/e78d2f444cf1f097aaaefee8910d7b9fe34195f06b086e0d2153b6c66e07/prek-0.2.22-py3-none-manylinux_2_28_aarch64.whl", hash = "sha256:946c6cfe18b17a7b53c49a389bf65f1e8e45a1b96bfdaeeacde21f5b5ca2d149", size = 4820871, upload-time = "2025-12-13T12:57:33.074Z" },
    { url = "https://files.pythonhosted.org/packages/fb/ec/779db6c35663e949b3f9989c584297aa115d3cc44822c149dbe40d51cd14/prek-0.2.22-py3-none-manylinux_2_31_riscv64.whl", hash = "sha256:2cffd5809cf678b4300378d612b5da12cd2183ddc7aee78178db0b1ea48f0069", size = 4834431, upload-time = "2025-12-13T12:57:34.65Z" },
    { url = "https://files.pythonhosted.org/packages/1d/18/12bb4fece680457f4d4f13d21c5784675ce8b1db5c968261348c52087232/prek-0.2.22-py3-none-musllinux_1_1_armv7l.whl", hash = "sha256:f91df793cbc28647863eb54d578f37782736726671838ca92c9d0601329cb928", size = 4709742, upload-time = "2025-12-13T12:57:52.706Z" },
    { url = "https://files.pythonhosted.org/packages/3f/27/de1d9d037f59393568713121f4bfcea11cd546dcf96f214827983b8beccf/prek-0.2.22-py3-none-musllinux_1_1_i686.whl", hash = "sha256:3c40ba36b3e89817b20efe6163fd15387b81caf1f489060265d84103ae6e5184", size = 4925048, upload-time = "2025-12-13T12:57:49.348Z" },
    { url = "https://files.pythonhosted.org/packages/49/bf/d40eef2e5ccbc520da94c2463450d0ecab598c092684002b463fd5491ff6/prek-0.2.22-py3-none-musllinux_1_1_x86_64.whl", hash = "sha256:a4154a419581723d12eccaa5b1d27686283c5c78b753c1984270d7e144a15fa7", size = 5192083, upload-time = "2025-12-13T12:57:35.957Z" },
    { url = "https://files.pythonhosted.org/packages/41/ba/11ea837a876dcc7f5df85962bc560c8627a962261f046a1615b0a6016b01/prek-0.2.22-py3-none-win32.whl", hash = "sha256:9fd3d629a256ce3171bebc3183f9c608022fff0db19a511307ab0f4c7682d5e3", size = 4586129, upload-time = "2025-12-13T12:57:54.438Z" },
    { url = "https://files.pythonhosted.org/packages/2f/8c/05ab6d11ac670664c99944e4819a77a63360aab253d8daf4ae411c705bcd/prek-0.2.22-py3-none-win_amd64.whl", hash = "sha256:ad7997ae4bef4fccc0a6761c00479bdd44f2a5bb7eb97aebda3b42fe785e10a1", size = 5273787, upload-time = "2025-12-13T12:57:37.205Z" },
    { url = "https://files.pythonhosted.org/packages/38/7a/53e8a550df705b5bf78a589c4e11d21485ac38c1a65e9c98fc3169a5eb25/prek-0.2.22-py3-none-win_arm64.whl", hash = "sha256:2442c0f12bd57675124542a92f5c799e7ffe52dc7cd98301c43c361849a3aef6", size = 4941186, upload-time = "2025-12-13T12:57:56.214Z" },
]
